
Microsoft Visual Studio Solution File, Format Version 12.00
# Visual Studio 2012
Project("{FAE04EC0-301F-11D3-BF4B-00C04F79EFBC}") = "GDriveSync.Client", "GDriveSync.Client\GDriveSync.Client.csproj", "{422352BE-7DB0-4A28-8755-6B0CDD9741A2}"
EndProject
Project("{FAE04EC0-301F-11D3-BF4B-00C04F79EFBC}") = "GDriveSync.Core", "GDriveSync.Core\GDriveSync.Core.csproj", "{DFC3608D-E41D-47E7-84D0-70FD5275051E}"
EndProject
Global
	GlobalSection(SolutionConfigurationPlatforms) = preSolution
		Debug|Any CPU = Debug|Any CPU
		Release|Any CPU = Release|Any CPU
	EndGlobalSection
	GlobalSection(ProjectConfigurationPlatforms) = postSolution
		{422352BE-7DB0-4A28-8755-6B0CDD9741A2}.Debug|Any CPU.ActiveCfg = Debug|Any CPU
		{422352BE-7DB0-4A28-8755-6B0CDD9741A2}.Debug|Any CPU.Build.0 = Debug|Any CPU
		{422352BE-7DB0-4A28-8755-6B0CDD9741A2}.Release|Any CPU.ActiveCfg = Release|Any CPU
		{422352BE-7DB0-4A28-8755-6B0CDD9741A2}.Release|Any CPU.Build.0 = Release|Any CPU
		{DFC3608D-E41D-47E7-84D0-70FD5275051E}.Debug|Any CPU.ActiveCfg = Debug|Any CPU
		{DFC3608D-E41D-47E7-84D0-70FD5275051E}.Debug|Any CPU.Build.0 = Debug|Any CPU
		{DFC3608D-E41D-47E7-84D0-70FD5275051E}.Release|Any CPU.ActiveCfg = Release|Any CPU
		{DFC3608D-E41D-47E7-84D0-70FD5275051E}.Release|Any CPU.Build.0 = Release|Any CPU
	EndGlobalSection
	GlobalSection(SolutionProperties) = preSolution
		HideSolutionNode = FALSE
	EndGlobalSection
EndGlobal
